
Microsoft Visual Studio Solution File, Format Version 12.00
# Visual Studio Version 17
VisualStudioVersion = 17.9.34723.18
MinimumVisualStudioVersion = 10.0.40219.1
Project("{FAE04EC0-301F-11D3-BF4B-00C04F79EFBC}") = "BulkyWeb", "BulkyWeb\BulkyWeb.csproj", "{FCF042A1-A12E-4BF3-86C6-6B3578DF9620}"
EndProject
Global
	GlobalSection(SolutionConfigurationPlatforms) = preSolution
		Debug|Any CPU = Debug|Any CPU
		Release|Any CPU = Release|Any CPU
	EndGlobalSection
	GlobalSection(ProjectConfigurationPlatforms) = postSolution
		{FCF042A1-A12E-4BF3-86C6-6B3578DF9620}.Debug|Any CPU.ActiveCfg = Debug|Any CPU
		{FCF042A1-A12E-4BF3-86C6-6B3578DF9620}.Debug|Any CPU.Build.0 = Debug|Any CPU
		{FCF042A1-A12E-4BF3-86C6-6B3578DF9620}.Release|Any CPU.ActiveCfg = Release|Any CPU
		{FCF042A1-A12E-4BF3-86C6-6B3578DF9620}.Release|Any CPU.Build.0 = Release|Any CPU
	EndGlobalSection
	GlobalSection(SolutionProperties) = preSolution
		HideSolutionNode = FALSE
	EndGlobalSection
	GlobalSection(ExtensibilityGlobals) = postSolution
		SolutionGuid = {80381D96-B6C7-4E04-8122-BA237834493F}
	EndGlobalSection
EndGlobal
